// !$*UTF8*$!
{
	archiveVersion = 1;
	classes = {
	};
	objectVersion = 56;
	objects = {

/* Begin PBXBuildFile section */
		D74480E12A123DC6006A4134 /* Extension+UIImageView.swift in Sources */ = {isa = PBXBuildFile; fileRef = D74480E02A123DC6006A4134 /* Extension+UIImageView.swift */; };
		D79E20802A1061C7002E16FB /* Extension+UIImage.swift in Sources */ = {isa = PBXBuildFile; fileRef = D79E207F2A1061C7002E16FB /* Extension+UIImage.swift */; };
		D79E20822A1083D1002E16FB /* CellHeaderView.swift in Sources */ = {isa = PBXBuildFile; fileRef = D79E20812A1083D1002E16FB /* CellHeaderView.swift */; };
		D79E20842A108917002E16FB /* CategoryCell.swift in Sources */ = {isa = PBXBuildFile; fileRef = D79E20832A108917002E16FB /* CategoryCell.swift */; };
		D79E20872A1090E2002E16FB /* HTTPClient.swift in Sources */ = {isa = PBXBuildFile; fileRef = D79E20862A1090E2002E16FB /* HTTPClient.swift */; };
		D79E208A2A1092AC002E16FB /* ShoesEndpoint.swift in Sources */ = {isa = PBXBuildFile; fileRef = D79E20892A1092AC002E16FB /* ShoesEndpoint.swift */; };
		D79E208C2A109790002E16FB /* Shoes.swift in Sources */ = {isa = PBXBuildFile; fileRef = D79E208B2A109790002E16FB /* Shoes.swift */; };
		D79E208E2A1097CE002E16FB /* ShoesService.swift in Sources */ = {isa = PBXBuildFile; fileRef = D79E208D2A1097CE002E16FB /* ShoesService.swift */; };
		D79E20902A1098DA002E16FB /* ShoesMapper.swift in Sources */ = {isa = PBXBuildFile; fileRef = D79E208F2A1098DA002E16FB /* ShoesMapper.swift */; };
		D79E20922A10A2FB002E16FB /* ShoeCategoryCell.swift in Sources */ = {isa = PBXBuildFile; fileRef = D79E20912A10A2FB002E16FB /* ShoeCategoryCell.swift */; };
		D79E20942A10C6C8002E16FB /* HeaderView.swift in Sources */ = {isa = PBXBuildFile; fileRef = D79E20932A10C6C8002E16FB /* HeaderView.swift */; };
		D79E20982A11205D002E16FB /* CategoryCellView.swift in Sources */ = {isa = PBXBuildFile; fileRef = D79E20972A11205D002E16FB /* CategoryCellView.swift */; };
		D79E209A2A112502002E16FB /* BrandCellView.swift in Sources */ = {isa = PBXBuildFile; fileRef = D79E20992A112502002E16FB /* BrandCellView.swift */; };
		D79E209C2A112818002E16FB /* ShoesCellView.swift in Sources */ = {isa = PBXBuildFile; fileRef = D79E209B2A112818002E16FB /* ShoesCellView.swift */; };
		D79E209E2A112C88002E16FB /* ShoeCell.swift in Sources */ = {isa = PBXBuildFile; fileRef = D79E209D2A112C88002E16FB /* ShoeCell.swift */; };
		D79E20A02A112E84002E16FB /* LatestShoesView.swift in Sources */ = {isa = PBXBuildFile; fileRef = D79E209F2A112E84002E16FB /* LatestShoesView.swift */; };
		D79E20A22A11B408002E16FB /* CenterTextCell.swift in Sources */ = {isa = PBXBuildFile; fileRef = D79E20A12A11B408002E16FB /* CenterTextCell.swift */; };
		D79E20A42A11BC1F002E16FB /* HeaderBottomView.swift in Sources */ = {isa = PBXBuildFile; fileRef = D79E20A32A11BC1F002E16FB /* HeaderBottomView.swift */; };
		D79E20A62A11D2DA002E16FB /* HomeViewModel.swift in Sources */ = {isa = PBXBuildFile; fileRef = D79E20A52A11D2DA002E16FB /* HomeViewModel.swift */; };
		D79E20AA2A11F795002E16FB /* BrandViewModel.swift in Sources */ = {isa = PBXBuildFile; fileRef = D79E20A92A11F795002E16FB /* BrandViewModel.swift */; };
		D7DAD9562A0F1E8400CAADFE /* AppDelegate.swift in Sources */ = {isa = PBXBuildFile; fileRef = D7DAD9552A0F1E8400CAADFE /* AppDelegate.swift */; };
		D7DAD9582A0F1E8500CAADFE /* SceneDelegate.swift in Sources */ = {isa = PBXBuildFile; fileRef = D7DAD9572A0F1E8500CAADFE /* SceneDelegate.swift */; };
		D7DAD95A2A0F1E8500CAADFE /* MainController.swift in Sources */ = {isa = PBXBuildFile; fileRef = D7DAD9592A0F1E8500CAADFE /* MainController.swift */; };
		D7DAD95F2A0F1E8500CAADFE /* Assets.xcassets in Resources */ = {isa = PBXBuildFile; fileRef = D7DAD95E2A0F1E8500CAADFE /* Assets.xcassets */; };
		D7DAD9622A0F1E8500CAADFE /* LaunchScreen.storyboard in Resources */ = {isa = PBXBuildFile; fileRef = D7DAD9602A0F1E8500CAADFE /* LaunchScreen.storyboard */; };
		D7DAD96E2A0F3DE200CAADFE /* HomeController.swift in Sources */ = {isa = PBXBuildFile; fileRef = D7DAD96D2A0F3DE200CAADFE /* HomeController.swift */; };
		D7DAD9702A0F3E0400CAADFE /* BrandController.swift in Sources */ = {isa = PBXBuildFile; fileRef = D7DAD96F2A0F3E0400CAADFE /* BrandController.swift */; };
		D7DAD9722A0F3E7F00CAADFE /* CartController.swift in Sources */ = {isa = PBXBuildFile; fileRef = D7DAD9712A0F3E7F00CAADFE /* CartController.swift */; };
		D7DAD9742A0F3E9700CAADFE /* UserController.swift in Sources */ = {isa = PBXBuildFile; fileRef = D7DAD9732A0F3E9700CAADFE /* UserController.swift */; };
		D7DAD9782A105CF400CAADFE /* CustomTabBarView.swift in Sources */ = {isa = PBXBuildFile; fileRef = D7DAD9772A105CF400CAADFE /* CustomTabBarView.swift */; };
		D7DAD97B2A105EDF00CAADFE /* Extension+UIView.swift in Sources */ = {isa = PBXBuildFile; fileRef = D7DAD97A2A105EDF00CAADFE /* Extension+UIView.swift */; };
		D7DAD97D2A105EFC00CAADFE /* Extension+UIColor.swift in Sources */ = {isa = PBXBuildFile; fileRef = D7DAD97C2A105EFC00CAADFE /* Extension+UIColor.swift */; };
/* End PBXBuildFile section */

/* Begin PBXFileReference section */
		D74480E02A123DC6006A4134 /* Extension+UIImageView.swift */ = {isa = PBXFileReference; lastKnownFileType = sourcecode.swift; path = "Extension+UIImageView.swift"; sourceTree = "<group>"; };
		D79E207F2A1061C7002E16FB /* Extension+UIImage.swift */ = {isa = PBXFileReference; lastKnownFileType = sourcecode.swift; path = "Extension+UIImage.swift"; sourceTree = "<group>"; };
		D79E20812A1083D1002E16FB /* CellHeaderView.swift */ = {isa = PBXFileReference; lastKnownFileType = sourcecode.swift; path = CellHeaderView.swift; sourceTree = "<group>"; };
		D79E20832A108917002E16FB /* CategoryCell.swift */ = {isa = PBXFileReference; lastKnownFileType = sourcecode.swift; path = CategoryCell.swift; sourceTree = "<group>"; };
		D79E20862A1090E2002E16FB /* HTTPClient.swift */ = {isa = PBXFileReference; lastKnownFileType = sourcecode.swift; path = HTTPClient.swift; sourceTree = "<group>"; };
		D79E20892A1092AC002E16FB /* ShoesEndpoint.swift */ = {isa = PBXFileReference; lastKnownFileType = sourcecode.swift; path = ShoesEndpoint.swift; sourceTree = "<group>"; };
		D79E208B2A109790002E16FB /* Shoes.swift */ = {isa = PBXFileReference; lastKnownFileType = sourcecode.swift; path = Shoes.swift; sourceTree = "<group>"; };
		D79E208D2A1097CE002E16FB /* ShoesService.swift */ = {isa = PBXFileReference; lastKnownFileType = sourcecode.swift; path = ShoesService.swift; sourceTree = "<group>"; };
		D79E208F2A1098DA002E16FB /* ShoesMapper.swift */ = {isa = PBXFileReference; lastKnownFileType = sourcecode.swift; path = ShoesMapper.swift; sourceTree = "<group>"; };
		D79E20912A10A2FB002E16FB /* ShoeCategoryCell.swift */ = {isa = PBXFileReference; lastKnownFileType = sourcecode.swift; path = ShoeCategoryCell.swift; sourceTree = "<group>"; };
		D79E20932A10C6C8002E16FB /* HeaderView.swift */ = {isa = PBXFileReference; lastKnownFileType = sourcecode.swift; path = HeaderView.swift; sourceTree = "<group>"; };
		D79E20972A11205D002E16FB /* CategoryCellView.swift */ = {isa = PBXFileReference; lastKnownFileType = sourcecode.swift; path = CategoryCellView.swift; sourceTree = "<group>"; };
		D79E20992A112502002E16FB /* BrandCellView.swift */ = {isa = PBXFileReference; lastKnownFileType = sourcecode.swift; path = BrandCellView.swift; sourceTree = "<group>"; };
		D79E209B2A112818002E16FB /* ShoesCellView.swift */ = {isa = PBXFileReference; lastKnownFileType = sourcecode.swift; path = ShoesCellView.swift; sourceTree = "<group>"; };
		D79E209D2A112C88002E16FB /* ShoeCell.swift */ = {isa = PBXFileReference; lastKnownFileType = sourcecode.swift; path = ShoeCell.swift; sourceTree = "<group>"; };
		D79E209F2A112E84002E16FB /* LatestShoesView.swift */ = {isa = PBXFileReference; lastKnownFileType = sourcecode.swift; path = LatestShoesView.swift; sourceTree = "<group>"; };
		D79E20A12A11B408002E16FB /* CenterTextCell.swift */ = {isa = PBXFileReference; lastKnownFileType = sourcecode.swift; path = CenterTextCell.swift; sourceTree = "<group>"; };
		D79E20A32A11BC1F002E16FB /* HeaderBottomView.swift */ = {isa = PBXFileReference; lastKnownFileType = sourcecode.swift; path = HeaderBottomView.swift; sourceTree = "<group>"; };
		D79E20A52A11D2DA002E16FB /* HomeViewModel.swift */ = {isa = PBXFileReference; lastKnownFileType = sourcecode.swift; path = HomeViewModel.swift; sourceTree = "<group>"; };
		D79E20A92A11F795002E16FB /* BrandViewModel.swift */ = {isa = PBXFileReference; lastKnownFileType = sourcecode.swift; path = BrandViewModel.swift; sourceTree = "<group>"; };
		D7DAD9522A0F1E8400CAADFE /* xaregroup.interview.app */ = {isa = PBXFileReference; explicitFileType = wrapper.application; includeInIndex = 0; path = xaregroup.interview.app; sourceTree = BUILT_PRODUCTS_DIR; };
		D7DAD9552A0F1E8400CAADFE /* AppDelegate.swift */ = {isa = PBXFileReference; lastKnownFileType = sourcecode.swift; path = AppDelegate.swift; sourceTree = "<group>"; };
		D7DAD9572A0F1E8500CAADFE /* SceneDelegate.swift */ = {isa = PBXFileReference; lastKnownFileType = sourcecode.swift; path = SceneDelegate.swift; sourceTree = "<group>"; };
		D7DAD9592A0F1E8500CAADFE /* MainController.swift */ = {isa = PBXFileReference; lastKnownFileType = sourcecode.swift; path = MainController.swift; sourceTree = "<group>"; };
		D7DAD95E2A0F1E8500CAADFE /* Assets.xcassets */ = {isa = PBXFileReference; lastKnownFileType = folder.assetcatalog; path = Assets.xcassets; sourceTree = "<group>"; };
		D7DAD9612A0F1E8500CAADFE /* Base */ = {isa = PBXFileReference; lastKnownFileType = file.storyboard; name = Base; path = Base.lproj/LaunchScreen.storyboard; sourceTree = "<group>"; };
		D7DAD9632A0F1E8500CAADFE /* Info.plist */ = {isa = PBXFileReference; lastKnownFileType = text.plist.xml; path = Info.plist; sourceTree = "<group>"; };
		D7DAD96D2A0F3DE200CAADFE /* HomeController.swift */ = {isa = PBXFileReference; lastKnownFileType = sourcecode.swift; path = HomeController.swift; sourceTree = "<group>"; };
		D7DAD96F2A0F3E0400CAADFE /* BrandController.swift */ = {isa = PBXFileReference; lastKnownFileType = sourcecode.swift; path = BrandController.swift; sourceTree = "<group>"; };
		D7DAD9712A0F3E7F00CAADFE /* CartController.swift */ = {isa = PBXFileReference; lastKnownFileType = sourcecode.swift; path = CartController.swift; sourceTree = "<group>"; };
		D7DAD9732A0F3E9700CAADFE /* UserController.swift */ = {isa = PBXFileReference; lastKnownFileType = sourcecode.swift; path = UserController.swift; sourceTree = "<group>"; };
		D7DAD9772A105CF400CAADFE /* CustomTabBarView.swift */ = {isa = PBXFileReference; lastKnownFileType = sourcecode.swift; path = CustomTabBarView.swift; sourceTree = "<group>"; };
		D7DAD97A2A105EDF00CAADFE /* Extension+UIView.swift */ = {isa = PBXFileReference; lastKnownFileType = sourcecode.swift; path = "Extension+UIView.swift"; sourceTree = "<group>"; };
		D7DAD97C2A105EFC00CAADFE /* Extension+UIColor.swift */ = {isa = PBXFileReference; lastKnownFileType = sourcecode.swift; path = "Extension+UIColor.swift"; sourceTree = "<group>"; };
/* End PBXFileReference section */

/* Begin PBXFrameworksBuildPhase section */
		D7DAD94F2A0F1E8400CAADFE /* Frameworks */ = {
			isa = PBXFrameworksBuildPhase;
			buildActionMask = 2147483647;
			files = (
			);
			runOnlyForDeploymentPostprocessing = 0;
		};
/* End PBXFrameworksBuildPhase section */

/* Begin PBXGroup section */
		D79E20852A1090D3002E16FB /* Service */ = {
			isa = PBXGroup;
			children = (
				D79E20882A109298002E16FB /* Shoes */,
				D79E20862A1090E2002E16FB /* HTTPClient.swift */,
			);
			path = Service;
			sourceTree = "<group>";
		};
		D79E20882A109298002E16FB /* Shoes */ = {
			isa = PBXGroup;
			children = (
				D79E208D2A1097CE002E16FB /* ShoesService.swift */,
				D79E208F2A1098DA002E16FB /* ShoesMapper.swift */,
				D79E20892A1092AC002E16FB /* ShoesEndpoint.swift */,
			);
			path = Shoes;
			sourceTree = "<group>";
		};
		D79E20952A111FC0002E16FB /* UIView */ = {
			isa = PBXGroup;
			children = (
				D79E20932A10C6C8002E16FB /* HeaderView.swift */,
				D79E20A32A11BC1F002E16FB /* HeaderBottomView.swift */,
				D7DAD9772A105CF400CAADFE /* CustomTabBarView.swift */,
				D79E20812A1083D1002E16FB /* CellHeaderView.swift */,
				D79E20972A11205D002E16FB /* CategoryCellView.swift */,
				D79E20992A112502002E16FB /* BrandCellView.swift */,
				D79E209B2A112818002E16FB /* ShoesCellView.swift */,
				D79E209F2A112E84002E16FB /* LatestShoesView.swift */,
			);
			path = UIView;
			sourceTree = "<group>";
		};
		D79E20962A111FDD002E16FB /* UICollectionViewCell */ = {
			isa = PBXGroup;
			children = (
				D79E20832A108917002E16FB /* CategoryCell.swift */,
				D79E20912A10A2FB002E16FB /* ShoeCategoryCell.swift */,
				D79E209D2A112C88002E16FB /* ShoeCell.swift */,
				D79E20A12A11B408002E16FB /* CenterTextCell.swift */,
			);
			path = UICollectionViewCell;
			sourceTree = "<group>";
		};
		D7DAD9492A0F1E8400CAADFE = {
			isa = PBXGroup;
			children = (
				D7DAD9542A0F1E8400CAADFE /* xaregroup.interview */,
				D7DAD9532A0F1E8400CAADFE /* Products */,
			);
			sourceTree = "<group>";
		};
		D7DAD9532A0F1E8400CAADFE /* Products */ = {
			isa = PBXGroup;
			children = (
				D7DAD9522A0F1E8400CAADFE /* xaregroup.interview.app */,
			);
			name = Products;
			sourceTree = "<group>";
		};
		D7DAD9542A0F1E8400CAADFE /* xaregroup.interview */ = {
			isa = PBXGroup;
			children = (
				D7DAD96C2A0F3D0A00CAADFE /* Support Files */,
				D79E20852A1090D3002E16FB /* Service */,
				D7DAD96B2A0F3C8A00CAADFE /* Model */,
				D7DAD96A2A0F3C8400CAADFE /* View */,
				D7DAD9692A0F3C7A00CAADFE /* Controller */,
				D7DAD9792A105ECF00CAADFE /* Extension */,
				D7DAD95E2A0F1E8500CAADFE /* Assets.xcassets */,
				D7DAD9602A0F1E8500CAADFE /* LaunchScreen.storyboard */,
				D7DAD9632A0F1E8500CAADFE /* Info.plist */,
			);
			path = xaregroup.interview;
			sourceTree = "<group>";
		};
		D7DAD9692A0F3C7A00CAADFE /* Controller */ = {
			isa = PBXGroup;
			children = (
				D7DAD9592A0F1E8500CAADFE /* MainController.swift */,
				D7DAD96D2A0F3DE200CAADFE /* HomeController.swift */,
				D79E20A52A11D2DA002E16FB /* HomeViewModel.swift */,
				D7DAD96F2A0F3E0400CAADFE /* BrandController.swift */,
				D79E20A92A11F795002E16FB /* BrandViewModel.swift */,
				D7DAD9712A0F3E7F00CAADFE /* CartController.swift */,
				D7DAD9732A0F3E9700CAADFE /* UserController.swift */,
			);
			path = Controller;
			sourceTree = "<group>";
		};
		D7DAD96A2A0F3C8400CAADFE /* View */ = {
			isa = PBXGroup;
			children = (
				D79E20952A111FC0002E16FB /* UIView */,
				D79E20962A111FDD002E16FB /* UICollectionViewCell */,
			);
			path = View;
			sourceTree = "<group>";
		};
		D7DAD96B2A0F3C8A00CAADFE /* Model */ = {
			isa = PBXGroup;
			children = (
				D79E208B2A109790002E16FB /* Shoes.swift */,
			);
			path = Model;
			sourceTree = "<group>";
		};
		D7DAD96C2A0F3D0A00CAADFE /* Support Files */ = {
			isa = PBXGroup;
			children = (
				D7DAD9572A0F1E8500CAADFE /* SceneDelegate.swift */,
				D7DAD9552A0F1E8400CAADFE /* AppDelegate.swift */,
			);
			path = "Support Files";
			sourceTree = "<group>";
		};
		D7DAD9792A105ECF00CAADFE /* Extension */ = {
			isa = PBXGroup;
			children = (
				D7DAD97A2A105EDF00CAADFE /* Extension+UIView.swift */,
				D7DAD97C2A105EFC00CAADFE /* Extension+UIColor.swift */,
				D79E207F2A1061C7002E16FB /* Extension+UIImage.swift */,
				D74480E02A123DC6006A4134 /* Extension+UIImageView.swift */,
			);
			path = Extension;
			sourceTree = "<group>";
		};
/* End PBXGroup section */

/* Begin PBXNativeTarget section */
		D7DAD9512A0F1E8400CAADFE /* xaregroup.interview */ = {
			isa = PBXNativeTarget;
			buildConfigurationList = D7DAD9662A0F1E8500CAADFE /* Build configuration list for PBXNativeTarget "xaregroup.interview" */;
			buildPhases = (
				D7DAD94E2A0F1E8400CAADFE /* Sources */,
				D7DAD94F2A0F1E8400CAADFE /* Frameworks */,
				D7DAD9502A0F1E8400CAADFE /* Resources */,
			);
			buildRules = (
			);
			dependencies = (
			);
			name = xaregroup.interview;
			productName = xaregroup.interview;
			productReference = D7DAD9522A0F1E8400CAADFE /* xaregroup.interview.app */;
			productType = "com.apple.product-type.application";
		};
/* End PBXNativeTarget section */

/* Begin PBXProject section */
		D7DAD94A2A0F1E8400CAADFE /* Project object */ = {
			isa = PBXProject;
			attributes = {
				BuildIndependentTargetsInParallel = 1;
				LastSwiftUpdateCheck = 1400;
				LastUpgradeCheck = 1400;
				TargetAttributes = {
					D7DAD9512A0F1E8400CAADFE = {
						CreatedOnToolsVersion = 14.0;
					};
				};
			};
			buildConfigurationList = D7DAD94D2A0F1E8400CAADFE /* Build configuration list for PBXProject "xaregroup.interview" */;
			compatibilityVersion = "Xcode 14.0";
			developmentRegion = en;
			hasScannedForEncodings = 0;
			knownRegions = (
				en,
				Base,
			);
			mainGroup = D7DAD9492A0F1E8400CAADFE;
			productRefGroup = D7DAD9532A0F1E8400CAADFE /* Products */;
			projectDirPath = "";
			projectRoot = "";
			targets = (
				D7DAD9512A0F1E8400CAADFE /* xaregroup.interview */,
			);
		};
/* End PBXProject section */

/* Begin PBXResourcesBuildPhase section */
		D7DAD9502A0F1E8400CAADFE /* Resources */ = {
			isa = PBXResourcesBuildPhase;
			buildActionMask = 2147483647;
			files = (
				D7DAD9622A0F1E8500CAADFE /* LaunchScreen.storyboard in Resources */,
				D7DAD95F2A0F1E8500CAADFE /* Assets.xcassets in Resources */,
			);
			runOnlyForDeploymentPostprocessing = 0;
		};
/* End PBXResourcesBuildPhase section */

/* Begin PBXSourcesBuildPhase section */
		D7DAD94E2A0F1E8400CAADFE /* Sources */ = {
			isa = PBXSourcesBuildPhase;
			buildActionMask = 2147483647;
			files = (
				D79E20A02A112E84002E16FB /* LatestShoesView.swift in Sources */,
				D79E209E2A112C88002E16FB /* ShoeCell.swift in Sources */,
				D79E20842A108917002E16FB /* CategoryCell.swift in Sources */,
				D7DAD96E2A0F3DE200CAADFE /* HomeController.swift in Sources */,
				D79E209A2A112502002E16FB /* BrandCellView.swift in Sources */,
				D79E20802A1061C7002E16FB /* Extension+UIImage.swift in Sources */,
				D7DAD97D2A105EFC00CAADFE /* Extension+UIColor.swift in Sources */,
				D7DAD9722A0F3E7F00CAADFE /* CartController.swift in Sources */,
				D79E20A42A11BC1F002E16FB /* HeaderBottomView.swift in Sources */,
				D7DAD95A2A0F1E8500CAADFE /* MainController.swift in Sources */,
				D7DAD9782A105CF400CAADFE /* CustomTabBarView.swift in Sources */,
				D7DAD9702A0F3E0400CAADFE /* BrandController.swift in Sources */,
				D79E208C2A109790002E16FB /* Shoes.swift in Sources */,
				D79E20822A1083D1002E16FB /* CellHeaderView.swift in Sources */,
				D7DAD9742A0F3E9700CAADFE /* UserController.swift in Sources */,
				D79E208A2A1092AC002E16FB /* ShoesEndpoint.swift in Sources */,
				D79E20872A1090E2002E16FB /* HTTPClient.swift in Sources */,
				D79E20982A11205D002E16FB /* CategoryCellView.swift in Sources */,
				D79E208E2A1097CE002E16FB /* ShoesService.swift in Sources */,
				D7DAD9562A0F1E8400CAADFE /* AppDelegate.swift in Sources */,
				D79E20942A10C6C8002E16FB /* HeaderView.swift in Sources */,
				D79E20902A1098DA002E16FB /* ShoesMapper.swift in Sources */,
				D74480E12A123DC6006A4134 /* Extension+UIImageView.swift in Sources */,
				D7DAD9582A0F1E8500CAADFE /* SceneDelegate.swift in Sources */,
				D79E20A62A11D2DA002E16FB /* HomeViewModel.swift in Sources */,
				D79E209C2A112818002E16FB /* ShoesCellView.swift in Sources */,
				D79E20AA2A11F795002E16FB /* BrandViewModel.swift in Sources */,
				D79E20922A10A2FB002E16FB /* ShoeCategoryCell.swift in Sources */,
				D7DAD97B2A105EDF00CAADFE /* Extension+UIView.swift in Sources */,
				D79E20A22A11B408002E16FB /* CenterTextCell.swift in Sources */,
			);
			runOnlyForDeploymentPostprocessing = 0;
		};
/* End PBXSourcesBuildPhase section */

/* Begin PBXVariantGroup section */
		D7DAD9602A0F1E8500CAADFE /* LaunchScreen.storyboard */ = {
			isa = PBXVariantGroup;
			children = (
				D7DAD9612A0F1E8500CAADFE /* Base */,
			);
			name = LaunchScreen.storyboard;
			sourceTree = "<group>";
		};
/* End PBXVariantGroup section */

/* Begin XCBuildConfiguration section */
		D7DAD9642A0F1E8500CAADFE /* Debug */ = {
			isa = XCBuildConfiguration;
			buildSettings = {
				ALWAYS_SEARCH_USER_PATHS = NO;
				CLANG_ANALYZER_NONNULL = YES;
				CLANG_ANALYZER_NUMBER_OBJECT_CONVERSION = YES_AGGRESSIVE;
				CLANG_CXX_LANGUAGE_STANDARD = "gnu++20";
				CLANG_ENABLE_MODULES = YES;
				CLANG_ENABLE_OBJC_ARC = YES;
				CLANG_ENABLE_OBJC_WEAK = YES;
				CLANG_WARN_BLOCK_CAPTURE_AUTORELEASING = YES;
				CLANG_WARN_BOOL_CONVERSION = YES;
				CLANG_WARN_COMMA = YES;
				CLANG_WARN_CONSTANT_CONVERSION = YES;
				CLANG_WARN_DEPRECATED_OBJC_IMPLEMENTATIONS = YES;
				CLANG_WARN_DIRECT_OBJC_ISA_USAGE = YES_ERROR;
				CLANG_WARN_DOCUMENTATION_COMMENTS = YES;
				CLANG_WARN_EMPTY_BODY = YES;
				CLANG_WARN_ENUM_CONVERSION = YES;
				CLANG_WARN_INFINITE_RECURSION = YES;
				CLANG_WARN_INT_CONVERSION = YES;
				CLANG_WARN_NON_LITERAL_NULL_CONVERSION = YES;
				CLANG_WARN_OBJC_IMPLICIT_RETAIN_SELF = YES;
				CLANG_WARN_OBJC_LITERAL_CONVERSION = YES;
				CLANG_WARN_OBJC_ROOT_CLASS = YES_ERROR;
				CLANG_WARN_QUOTED_INCLUDE_IN_FRAMEWORK_HEADER = YES;
				CLANG_WARN_RANGE_LOOP_ANALYSIS = YES;
				CLANG_WARN_STRICT_PROTOTYPES = YES;
				CLANG_WARN_SUSPICIOUS_MOVE = YES;
				CLANG_WARN_UNGUARDED_AVAILABILITY = YES_AGGRESSIVE;
				CLANG_WARN_UNREACHABLE_CODE = YES;
				CLANG_WARN__DUPLICATE_METHOD_MATCH = YES;
				COPY_PHASE_STRIP = NO;
				DEBUG_INFORMATION_FORMAT = dwarf;
				ENABLE_STRICT_OBJC_MSGSEND = YES;
				ENABLE_TESTABILITY = YES;
				GCC_C_LANGUAGE_STANDARD = gnu11;
				GCC_DYNAMIC_NO_PIC = NO;
				GCC_NO_COMMON_BLOCKS = YES;
				GCC_OPTIMIZATION_LEVEL = 0;
				GCC_PREPROCESSOR_DEFINITIONS = (
					"DEBUG=1",
					"$(inherited)",
				);
				GCC_WARN_64_TO_32_BIT_CONVERSION = YES;
				GCC_WARN_ABOUT_RETURN_TYPE = YES_ERROR;
				GCC_WARN_UNDECLARED_SELECTOR = YES;
				GCC_WARN_UNINITIALIZED_AUTOS = YES_AGGRESSIVE;
				GCC_WARN_UNUSED_FUNCTION = YES;
				GCC_WARN_UNUSED_VARIABLE = YES;
				IPHONEOS_DEPLOYMENT_TARGET = 16.0;
				MTL_ENABLE_DEBUG_INFO = INCLUDE_SOURCE;
				MTL_FAST_MATH = YES;
				ONLY_ACTIVE_ARCH = YES;
				SDKROOT = iphoneos;
				SWIFT_ACTIVE_COMPILATION_CONDITIONS = DEBUG;
				SWIFT_OPTIMIZATION_LEVEL = "-Onone";
			};
			name = Debug;
		};
		D7DAD9652A0F1E8500CAADFE /* Release */ = {
			isa = XCBuildConfiguration;
			buildSettings = {
				ALWAYS_SEARCH_USER_PATHS = NO;
				CLANG_ANALYZER_NONNULL = YES;
				CLANG_ANALYZER_NUMBER_OBJECT_CONVERSION = YES_AGGRESSIVE;
				CLANG_CXX_LANGUAGE_STANDARD = "gnu++20";
				CLANG_ENABLE_MODULES = YES;
				CLANG_ENABLE_OBJC_ARC = YES;
				CLANG_ENABLE_OBJC_WEAK = YES;
				CLANG_WARN_BLOCK_CAPTURE_AUTORELEASING = YES;
				CLANG_WARN_BOOL_CONVERSION = YES;
				CLANG_WARN_COMMA = YES;
				CLANG_WARN_CONSTANT_CONVERSION = YES;
				CLANG_WARN_DEPRECATED_OBJC_IMPLEMENTATIONS = YES;
				CLANG_WARN_DIRECT_OBJC_ISA_USAGE = YES_ERROR;
				CLANG_WARN_DOCUMENTATION_COMMENTS = YES;
				CLANG_WARN_EMPTY_BODY = YES;
				CLANG_WARN_ENUM_CONVERSION = YES;
				CLANG_WARN_INFINITE_RECURSION = YES;
				CLANG_WARN_INT_CONVERSION = YES;
				CLANG_WARN_NON_LITERAL_NULL_CONVERSION = YES;
				CLANG_WARN_OBJC_IMPLICIT_RETAIN_SELF = YES;
				CLANG_WARN_OBJC_LITERAL_CONVERSION = YES;
				CLANG_WARN_OBJC_ROOT_CLASS = YES_ERROR;
				CLANG_WARN_QUOTED_INCLUDE_IN_FRAMEWORK_HEADER = YES;
				CLANG_WARN_RANGE_LOOP_ANALYSIS = YES;
				CLANG_WARN_STRICT_PROTOTYPES = YES;
				CLANG_WARN_SUSPICIOUS_MOVE = YES;
				CLANG_WARN_UNGUARDED_AVAILABILITY = YES_AGGRESSIVE;
				CLANG_WARN_UNREACHABLE_CODE = YES;
				CLANG_WARN__DUPLICATE_METHOD_MATCH = YES;
				COPY_PHASE_STRIP = NO;
				DEBUG_INFORMATION_FORMAT = "dwarf-with-dsym";
				ENABLE_NS_ASSERTIONS = NO;
				ENABLE_STRICT_OBJC_MSGSEND = YES;
				GCC_C_LANGUAGE_STANDARD = gnu11;
				GCC_NO_COMMON_BLOCKS = YES;
				GCC_WARN_64_TO_32_BIT_CONVERSION = YES;
				GCC_WARN_ABOUT_RETURN_TYPE = YES_ERROR;
				GCC_WARN_UNDECLARED_SELECTOR = YES;
				GCC_WARN_UNINITIALIZED_AUTOS = YES_AGGRESSIVE;
				GCC_WARN_UNUSED_FUNCTION = YES;
				GCC_WARN_UNUSED_VARIABLE = YES;
				IPHONEOS_DEPLOYMENT_TARGET = 16.0;
				MTL_ENABLE_DEBUG_INFO = NO;
				MTL_FAST_MATH = YES;
				SDKROOT = iphoneos;
				SWIFT_COMPILATION_MODE = wholemodule;
				SWIFT_OPTIMIZATION_LEVEL = "-O";
				VALIDATE_PRODUCT = YES;
			};
			name = Release;
		};
		D7DAD9672A0F1E8500CAADFE /* Debug */ = {
			isa = XCBuildConfiguration;
			buildSettings = {
				ASSETCATALOG_COMPILER_APPICON_NAME = AppIcon;
				ASSETCATALOG_COMPILER_GLOBAL_ACCENT_COLOR_NAME = AccentColor;
				CODE_SIGN_STYLE = Automatic;
				CURRENT_PROJECT_VERSION = 1;
				GENERATE_INFOPLIST_FILE = YES;
				INFOPLIST_FILE = xaregroup.interview/Info.plist;
				INFOPLIST_KEY_UIApplicationSupportsIndirectInputEvents = YES;
				INFOPLIST_KEY_UILaunchStoryboardName = LaunchScreen;
				INFOPLIST_KEY_UIMainStoryboardFile = "";
				INFOPLIST_KEY_UISupportedInterfaceOrientations = UIInterfaceOrientationPortrait;
				INFOPLIST_KEY_UISupportedInterfaceOrientations_iPad = "UIInterfaceOrientationPortrait UIInterfaceOrientationPortraitUpsideDown";
				LD_RUNPATH_SEARCH_PATHS = (
					"$(inherited)",
					"@executable_path/Frameworks",
				);
				MARKETING_VERSION = 1.0;
				PRODUCT_BUNDLE_IDENTIFIER = "paulyswen.xaregroup-interview";
				PRODUCT_NAME = "$(TARGET_NAME)";
				SUPPORTED_PLATFORMS = "iphoneos iphonesimulator";
				SUPPORTS_MACCATALYST = NO;
				SUPPORTS_MAC_DESIGNED_FOR_IPHONE_IPAD = NO;
				SWIFT_EMIT_LOC_STRINGS = YES;
				SWIFT_VERSION = 5.0;
				TARGETED_DEVICE_FAMILY = 1;
			};
			name = Debug;
		};
		D7DAD9682A0F1E8500CAADFE /* Release */ = {
			isa = XCBuildConfiguration;
			buildSettings = {
				ASSETCATALOG_COMPILER_APPICON_NAME = AppIcon;
				ASSETCATALOG_COMPILER_GLOBAL_ACCENT_COLOR_NAME = AccentColor;
				CODE_SIGN_STYLE = Automatic;
				CURRENT_PROJECT_VERSION = 1;
				GENERATE_INFOPLIST_FILE = YES;
				INFOPLIST_FILE = xaregroup.interview/Info.plist;
				INFOPLIST_KEY_UIApplicationSupportsIndirectInputEvents = YES;
				INFOPLIST_KEY_UILaunchStoryboardName = LaunchScreen;
				INFOPLIST_KEY_UIMainStoryboardFile = "";
				INFOPLIST_KEY_UISupportedInterfaceOrientations = UIInterfaceOrientationPortrait;
				INFOPLIST_KEY_UISupportedInterfaceOrientations_iPad = "UIInterfaceOrientationPortrait UIInterfaceOrientationPortraitUpsideDown";
				LD_RUNPATH_SEARCH_PATHS = (
					"$(inherited)",
					"@executable_path/Frameworks",
				);
				MARKETING_VERSION = 1.0;
				PRODUCT_BUNDLE_IDENTIFIER = "paulyswen.xaregroup-interview";
				PRODUCT_NAME = "$(TARGET_NAME)";
				SUPPORTED_PLATFORMS = "iphoneos iphonesimulator";
				SUPPORTS_MACCATALYST = NO;
				SUPPORTS_MAC_DESIGNED_FOR_IPHONE_IPAD = NO;
				SWIFT_EMIT_LOC_STRINGS = YES;
				SWIFT_VERSION = 5.0;
				TARGETED_DEVICE_FAMILY = 1;
			};
			name = Release;
		};
/* End XCBuildConfiguration section */

/* Begin XCConfigurationList section */
		D7DAD94D2A0F1E8400CAADFE /* Build configuration list for PBXProject "xaregroup.interview" */ = {
			isa = XCConfigurationList;
			buildConfigurations = (
				D7DAD9642A0F1E8500CAADFE /* Debug */,
				D7DAD9652A0F1E8500CAADFE /* Release */,
			);
			defaultConfigurationIsVisible = 0;
			defaultConfigurationName = Release;
		};
		D7DAD9662A0F1E8500CAADFE /* Build configuration list for PBXNativeTarget "xaregroup.interview" */ = {
			isa = XCConfigurationList;
			buildConfigurations = (
				D7DAD9672A0F1E8500CAADFE /* Debug */,
				D7DAD9682A0F1E8500CAADFE /* Release */,
			);
			defaultConfigurationIsVisible = 0;
			defaultConfigurationName = Release;
		};
/* End XCConfigurationList section */
	};
	rootObject = D7DAD94A2A0F1E8400CAADFE /* Project object */;
}
